
Microsoft Visual Studio Solution File, Format Version 12.00
# Visual Studio Version 16
VisualStudioVersion = 16.0.30503.244
MinimumVisualStudioVersion = 10.0.40219.1
Project("{9092AA53-FB77-4645-B42D-1CCCA6BD08BD}") = "Lab 1", "Lab 1\Lab 1.njsproj", "{23CFFDA7-3A5C-40C2-9C9A-1947BEA8635E}"
EndProject
Global
	GlobalSection(SolutionConfigurationPlatforms) = preSolution
		Debug|Any CPU = Debug|Any CPU
		Release|Any CPU = Release|Any CPU
	EndGlobalSection
	GlobalSection(ProjectConfigurationPlatforms) = postSolution
		{23CFFDA7-3A5C-40C2-9C9A-1947BEA8635E}.Debug|Any CPU.ActiveCfg = Debug|Any CPU
		{23CFFDA7-3A5C-40C2-9C9A-1947BEA8635E}.Debug|Any CPU.Build.0 = Debug|Any CPU
		{23CFFDA7-3A5C-40C2-9C9A-1947BEA8635E}.Release|Any CPU.ActiveCfg = Release|Any CPU
		{23CFFDA7-3A5C-40C2-9C9A-1947BEA8635E}.Release|Any CPU.Build.0 = Release|Any CPU
	EndGlobalSection
	GlobalSection(SolutionProperties) = preSolution
		HideSolutionNode = FALSE
	EndGlobalSection
	GlobalSection(ExtensibilityGlobals) = postSolution
		SolutionGuid = {4DEF9DD7-F5CE-4DB6-85A2-AA7A71FECC72}
	EndGlobalSection
EndGlobal
